
Microsoft Visual Studio Solution File, Format Version 12.00
# Visual Studio 2012
Project("{FAE04EC0-301F-11D3-BF4B-00C04F79EFBC}") = "2.Tribonacci", "2.Tribonacci\2.Tribonacci.csproj", "{FE4B80F8-9C16-4AE0-B4F6-6A94C1F4A7BD}"
EndProject
Project("{FAE04EC0-301F-11D3-BF4B-00C04F79EFBC}") = "3.FirTree", "3.FirTree\3.FirTree.csproj", "{B15E1E75-BA34-4EA7-B36B-5A7FFDB0D82A}"
EndProject
Project("{FAE04EC0-301F-11D3-BF4B-00C04F79EFBC}") = "4.WeAllLoveBits", "4.WeAllLoveBits\4.WeAllLoveBits.csproj", "{AAAFC0BD-3401-4BB1-BB85-BFDC766670B3}"
EndProject
Global
	GlobalSection(SolutionConfigurationPlatforms) = preSolution
		Debug|Any CPU = Debug|Any CPU
		Release|Any CPU = Release|Any CPU
	EndGlobalSection
	GlobalSection(ProjectConfigurationPlatforms) = postSolution
		{FE4B80F8-9C16-4AE0-B4F6-6A94C1F4A7BD}.Debug|Any CPU.ActiveCfg = Debug|Any CPU
		{FE4B80F8-9C16-4AE0-B4F6-6A94C1F4A7BD}.Debug|Any CPU.Build.0 = Debug|Any CPU
		{FE4B80F8-9C16-4AE0-B4F6-6A94C1F4A7BD}.Release|Any CPU.ActiveCfg = Release|Any CPU
		{FE4B80F8-9C16-4AE0-B4F6-6A94C1F4A7BD}.Release|Any CPU.Build.0 = Release|Any CPU
		{B15E1E75-BA34-4EA7-B36B-5A7FFDB0D82A}.Debug|Any CPU.ActiveCfg = Debug|Any CPU
		{B15E1E75-BA34-4EA7-B36B-5A7FFDB0D82A}.Debug|Any CPU.Build.0 = Debug|Any CPU
		{B15E1E75-BA34-4EA7-B36B-5A7FFDB0D82A}.Release|Any CPU.ActiveCfg = Release|Any CPU
		{B15E1E75-BA34-4EA7-B36B-5A7FFDB0D82A}.Release|Any CPU.Build.0 = Release|Any CPU
		{AAAFC0BD-3401-4BB1-BB85-BFDC766670B3}.Debug|Any CPU.ActiveCfg = Debug|Any CPU
		{AAAFC0BD-3401-4BB1-BB85-BFDC766670B3}.Debug|Any CPU.Build.0 = Debug|Any CPU
		{AAAFC0BD-3401-4BB1-BB85-BFDC766670B3}.Release|Any CPU.ActiveCfg = Release|Any CPU
		{AAAFC0BD-3401-4BB1-BB85-BFDC766670B3}.Release|Any CPU.Build.0 = Release|Any CPU
	EndGlobalSection
	GlobalSection(SolutionProperties) = preSolution
		HideSolutionNode = FALSE
	EndGlobalSection
EndGlobal
